
Microsoft Visual Studio Solution File, Format Version 12.00
# Visual Studio Version 17
VisualStudioVersion = 17.1.32210.238
MinimumVisualStudioVersion = 10.0.40219.1
Project("{FAE04EC0-301F-11D3-BF4B-00C04F79EFBC}") = "WebMvcExample", "WebMvcExample\WebMvcExample.csproj", "{FDAFEDDF-305C-45C9-94A0-A209F44F0B2C}"
EndProject
Global
	GlobalSection(SolutionConfigurationPlatforms) = preSolution
		Debug|Any CPU = Debug|Any CPU
		Release|Any CPU = Release|Any CPU
	EndGlobalSection
	GlobalSection(ProjectConfigurationPlatforms) = postSolution
		{FDAFEDDF-305C-45C9-94A0-A209F44F0B2C}.Debug|Any CPU.ActiveCfg = Debug|Any CPU
		{FDAFEDDF-305C-45C9-94A0-A209F44F0B2C}.Debug|Any CPU.Build.0 = Debug|Any CPU
		{FDAFEDDF-305C-45C9-94A0-A209F44F0B2C}.Release|Any CPU.ActiveCfg = Release|Any CPU
		{FDAFEDDF-305C-45C9-94A0-A209F44F0B2C}.Release|Any CPU.Build.0 = Release|Any CPU
	EndGlobalSection
	GlobalSection(SolutionProperties) = preSolution
		HideSolutionNode = FALSE
	EndGlobalSection
	GlobalSection(ExtensibilityGlobals) = postSolution
		SolutionGuid = {0CA77F64-EBF4-4672-B13D-C4D6D4F1FCD1}
	EndGlobalSection
EndGlobal
